
Microsoft Visual Studio Solution File, Format Version 12.00
# Visual Studio Version 16
VisualStudioVersion = 16.0.29123.88
MinimumVisualStudioVersion = 10.0.40219.1
Project("{FAE04EC0-301F-11D3-BF4B-00C04F79EFBC}") = "LemonadeStand", "LemonadeStand.csproj", "{80DAC3A4-7DFE-41BC-9B8B-0CD1FB66E404}"
EndProject
Global
	GlobalSection(SolutionConfigurationPlatforms) = preSolution
		Debug|Any CPU = Debug|Any CPU
		Release|Any CPU = Release|Any CPU
	EndGlobalSection
	GlobalSection(ProjectConfigurationPlatforms) = postSolution
		{80DAC3A4-7DFE-41BC-9B8B-0CD1FB66E404}.Debug|Any CPU.ActiveCfg = Debug|Any CPU
		{80DAC3A4-7DFE-41BC-9B8B-0CD1FB66E404}.Debug|Any CPU.Build.0 = Debug|Any CPU
		{80DAC3A4-7DFE-41BC-9B8B-0CD1FB66E404}.Release|Any CPU.ActiveCfg = Release|Any CPU
		{80DAC3A4-7DFE-41BC-9B8B-0CD1FB66E404}.Release|Any CPU.Build.0 = Release|Any CPU
	EndGlobalSection
	GlobalSection(SolutionProperties) = preSolution
		HideSolutionNode = FALSE
	EndGlobalSection
	GlobalSection(ExtensibilityGlobals) = postSolution
		SolutionGuid = {D56667E2-4D97-4A82-8A0F-C3BC8591CD38}
	EndGlobalSection
EndGlobal
